
Microsoft Visual Studio Solution File, Format Version 12.00
# Visual Studio Version 17
VisualStudioVersion = 17.3.32811.315
MinimumVisualStudioVersion = 10.0.40219.1
Project("{8BC9CEB8-8B4A-11D0-8D11-00A0C91BC942}") = "ex-1", "ex-1\ex-1.vcxproj", "{67599340-FD16-46BE-BDAE-619F86DFABBD}"
EndProject
Global
	GlobalSection(SolutionConfigurationPlatforms) = preSolution
		Debug|x64 = Debug|x64
		Debug|x86 = Debug|x86
		Release|x64 = Release|x64
		Release|x86 = Release|x86
	EndGlobalSection
	GlobalSection(ProjectConfigurationPlatforms) = postSolution
		{67599340-FD16-46BE-BDAE-619F86DFABBD}.Debug|x64.ActiveCfg = Debug|x64
		{67599340-FD16-46BE-BDAE-619F86DFABBD}.Debug|x64.Build.0 = Debug|x64
		{67599340-FD16-46BE-BDAE-619F86DFABBD}.Debug|x86.ActiveCfg = Debug|Win32
		{67599340-FD16-46BE-BDAE-619F86DFABBD}.Debug|x86.Build.0 = Debug|Win32
		{67599340-FD16-46BE-BDAE-619F86DFABBD}.Release|x64.ActiveCfg = Release|x64
		{67599340-FD16-46BE-BDAE-619F86DFABBD}.Release|x64.Build.0 = Release|x64
		{67599340-FD16-46BE-BDAE-619F86DFABBD}.Release|x86.ActiveCfg = Release|Win32
		{67599340-FD16-46BE-BDAE-619F86DFABBD}.Release|x86.Build.0 = Release|Win32
	EndGlobalSection
	GlobalSection(SolutionProperties) = preSolution
		HideSolutionNode = FALSE
	EndGlobalSection
	GlobalSection(ExtensibilityGlobals) = postSolution
		SolutionGuid = {40E4C943-A135-4594-9978-A2138F7FA56C}
	EndGlobalSection
EndGlobal
