
Microsoft Visual Studio Solution File, Format Version 12.00
# Visual Studio Version 17
VisualStudioVersion = 17.3.32811.315
MinimumVisualStudioVersion = 10.0.40219.1
Project("{8BC9CEB8-8B4A-11D0-8D11-00A0C91BC942}") = "ex-4", "ex-4\ex-4.vcxproj", "{102F5B24-C6B5-419E-9F02-DD8F915432DC}"
EndProject
Global
	GlobalSection(SolutionConfigurationPlatforms) = preSolution
		Debug|x64 = Debug|x64
		Debug|x86 = Debug|x86
		Release|x64 = Release|x64
		Release|x86 = Release|x86
	EndGlobalSection
	GlobalSection(ProjectConfigurationPlatforms) = postSolution
		{102F5B24-C6B5-419E-9F02-DD8F915432DC}.Debug|x64.ActiveCfg = Debug|x64
		{102F5B24-C6B5-419E-9F02-DD8F915432DC}.Debug|x64.Build.0 = Debug|x64
		{102F5B24-C6B5-419E-9F02-DD8F915432DC}.Debug|x86.ActiveCfg = Debug|Win32
		{102F5B24-C6B5-419E-9F02-DD8F915432DC}.Debug|x86.Build.0 = Debug|Win32
		{102F5B24-C6B5-419E-9F02-DD8F915432DC}.Release|x64.ActiveCfg = Release|x64
		{102F5B24-C6B5-419E-9F02-DD8F915432DC}.Release|x64.Build.0 = Release|x64
		{102F5B24-C6B5-419E-9F02-DD8F915432DC}.Release|x86.ActiveCfg = Release|Win32
		{102F5B24-C6B5-419E-9F02-DD8F915432DC}.Release|x86.Build.0 = Release|Win32
	EndGlobalSection
	GlobalSection(SolutionProperties) = preSolution
		HideSolutionNode = FALSE
	EndGlobalSection
	GlobalSection(ExtensibilityGlobals) = postSolution
		SolutionGuid = {F246AD07-D162-4420-8A33-DD6DCD771C35}
	EndGlobalSection
EndGlobal
